Microsoft Visual Studio Solution File, Format Version 12.00
# Visual Studio Version 17
VisualStudioVersion = 17.0.31903.59
MinimumVisualStudioVersion = 10.0.40219.1
Project("{FAE04EC0-301F-11D3-BF4B-00C04F79EFBC}") = "LoupedeckHelperPlugin", "src\LoupedeckHelperPlugin\LoupedeckHelperPlugin.csproj", "{1B725600-51F7-412B-84C2-BB20471FB58D}"
EndProject
Global
	GlobalSection(SolutionConfigurationPlatforms) = preSolution
		Debug|Any CPU = Debug|Any CPU
		Release|Any CPU = Release|Any CPU
	EndGlobalSection
	GlobalSection(ProjectConfigurationPlatforms) = postSolution
		{1B725600-51F7-412B-84C2-BB20471FB58D}.Debug|Any CPU.ActiveCfg = Debug|Any CPU
		{1B725600-51F7-412B-84C2-BB20471FB58D}.Debug|Any CPU.Build.0 = Debug|Any CPU
		{1B725600-51F7-412B-84C2-BB20471FB58D}.Release|Any CPU.ActiveCfg = Release|Any CPU
		{1B725600-51F7-412B-84C2-BB20471FB58D}.Release|Any CPU.Build.0 = Release|Any CPU
	EndGlobalSection
EndGlobal
